version = 1
revision = 3
requires-python = "==3.11.*"

[[package]]
name = "blinker"
version = "1.8.2"
source = { registry = "https://pypi.org/simple" }
sdist = { url = "https://files.pythonhosted.org/packages/1e/57/a6a1721eff09598fb01f3c7cda070c1b6a0f12d63c83236edf79a440abcc/blinker-1.8.2.tar.gz", hash = "sha256:8f77b09d3bf7c795e969e9486f39c2c5e9c39d4ee07424be2bc594ece9642d83", size = 23161, upload-time = "2024-05-06T17:04:10.101Z" }
wheels = [
    { url = "https://files.pythonhosted.org/packages/bb/2a/10164ed1f31196a2f7f3799368a821765c62851ead0e630ab52b8e14b4d0/blinker-1.8.2-py3-none-any.whl", hash = "sha256:1779309f71bf239144b9399d06ae925637cf6634cf6bd131104184531bf67c01", size = 9456, upload-time = "2024-05-06T17:04:08.444Z" },
]

[[package]]
name = "click"
version = "8.1.7"
source = { registry = "https://pypi.org/simple" }
dependencies = [
    { name = "colorama", marker = "sys_platform == 'win32'" },
]
sdist = { url = "https://files.pythonhosted.org/packages/96/d3/f04c7bfcf5c1862a2a5b845c6b2b360488cf47af55dfa79c98f6a6bf98b5/click-8.1.7.tar.gz", hash = "sha256:ca9853ad459e787e2192211578cc907e7594e294c7ccc834310722b41b9ca6de", size = 336121, upload-time = "2023-08-17T17:29:11.868Z" }
wheels = [
    { url = "https://files.pythonhosted.org/packages/00/2e/d53fa4befbf2cfa713304affc7ca780ce4fc1fd8710527771b58311a3229/click-8.1.7-py3-none-any.whl", hash = "sha256:ae74fb96c20a0277a1d615f1e4d73c8414f5a98db8b799a7931d1582f3390c28", size = 97941, upload-time = "2023-08-17T17:29:10.08Z" },
]

[[package]]
name = "colorama"
version = "0.4.6"
source = { registry = "https://pypi.org/simple" }
sdist = { url = "https://files.pythonhosted.org/packages/d8/53/6f443c9a4a8358a93a6792e2acffb9d9d5cb0a5cfd8802644b7b1c9a02e4/colorama-0.4.6.tar.gz", hash = "sha256:08695f5cb7ed6e0531a20572697297273c47b8cae5a63ffc6d6ed5c201be6e44", size = 27697, upload-time = "2022-10-25T02:36:22.414Z" }
wheels = [
    { url = "https://files.pythonhosted.org/packages/d1/d6/3965ed04c63042e047cb6a3e6ed1a63a35087b6a609aa3a15ed8ac56c221/colorama-0.4.6-py2.py3-none-any.whl", hash = "sha256:4f1d9991f5acc0ca119f9d443620b77f9d6b33703e51011c16baf57afb285fc6", size = 25335, upload-time = "2022-10-25T02:36:20.889Z" },
]

[[package]]
name = "flask"
version = "2.3.3"
source = { registry = "https://pypi.org/simple" }
dependencies = [
    { name = "blinker" },
    { name = "click" },
    { name = "itsdangerous" },
    { name = "jinja2" },
    { name = "werkzeug" },
]
sdist = { url = "https://files.pythonhosted.org/packages/46/b7/4ace17e37abd9c21715dea5ee11774a25e404c486a7893fa18e764326ead/flask-2.3.3.tar.gz", hash = "sha256:09c347a92aa7ff4a8e7f3206795f30d826654baf38b873d0744cd571ca609efc", size = 672756, upload-time = "2023-08-21T19:52:35.012Z" }
wheels = [
    { url = "https://files.pythonhosted.org/packages/fd/56/26f0be8adc2b4257df20c1c4260ddd0aa396cf8e75d90ab2f7ff99bc34f9/flask-2.3.3-py3-none-any.whl", hash = "sha256:f69fcd559dc907ed196ab9df0e48471709175e696d6e698dd4dbe940f96ce66b", size = 96112, upload-time = "2023-08-21T19:52:33.115Z" },
]

[[package]]
name = "greenlet"
version = "3.1.1"
source = { registry = "https://pypi.org/simple" }
sdist = { url = "https://files.pythonhosted.org/packages/2f/ff/df5fede753cc10f6a5be0931204ea30c35fa2f2ea7a35b25bdaf4fe40e46/greenlet-3.1.1.tar.gz", hash = "sha256:4ce3ac6cdb6adf7946475d7ef31777c26d94bccc377e070a7986bd2d5c515467", size = 186022, upload-time = "2024-09-20T18:21:04.506Z" }
wheels = [
    { url = "https://files.pythonhosted.org/packages/28/62/1c2665558618553c42922ed47a4e6d6527e2fa3516a8256c2f431c5d0441/greenlet-3.1.1-cp311-cp311-macosx_11_0_universal2.whl", hash = "sha256:e4d333e558953648ca09d64f13e6d8f0523fa705f51cae3f03b5983489958c70", size = 272479, upload-time = "2024-09-20T17:07:22.332Z" },
    { url = "https://files.pythonhosted.org/packages/76/9d/421e2d5f07285b6e4e3a676b016ca781f63cfe4a0cd8eaecf3fd6f7a71ae/greenlet-3.1.1-cp311-cp311-manylinux_2_17_aarch64.manylinux2014_aarch64.whl", hash = "sha256:09fc016b73c94e98e29af67ab7b9a879c307c6731a2c9da0db5a7d9b7edd1159", size = 640404, upload-time = "2024-09-20T17:36:45.588Z" },
    { url = "https://files.pythonhosted.org/packages/e5/de/6e05f5c59262a584e502dd3d261bbdd2c97ab5416cc9c0b91ea38932a901/greenlet-3.1.1-cp311-cp311-manylinux_2_17_ppc64le.manylinux2014_ppc64le.whl", hash = "sha256:d5e975ca70269d66d17dd995dafc06f1b06e8cb1ec1e9ed54c1d1e4a7c4cf26e", size = 652813, upload-time = "2024-09-20T17:39:19.052Z" },
    { url = "https://files.pythonhosted.org/packages/49/93/d5f93c84241acdea15a8fd329362c2c71c79e1a507c3f142a5d67ea435ae/greenlet-3.1.1-cp311-cp311-manylinux_2_17_s390x.manylinux2014_s390x.whl", hash = "sha256:3b2813dc3de8c1ee3f924e4d4227999285fd335d1bcc0d2be6dc3f1f6a318ec1", size = 648517, upload-time = "2024-09-20T17:44:24.101Z" },
    { url = "https://files.pythonhosted.org/packages/15/85/72f77fc02d00470c86a5c982b8daafdf65d38aefbbe441cebff3bf7037fc/greenlet-3.1.1-cp311-cp311-manylinux_2_17_x86_64.manylinux2014_x86_64.whl", hash = "sha256:e347b3bfcf985a05e8c0b7d462ba6f15b1ee1c909e2dcad795e49e91b152c383", size = 647831, upload-time = "2024-09-20T17:08:40.577Z" },
    { url = "https://files.pythonhosted.org/packages/f7/4b/1c9695aa24f808e156c8f4813f685d975ca73c000c2a5056c514c64980f6/greenlet-3.1.1-cp311-cp311-manylinux_2_24_x86_64.manylinux_2_28_x86_64.whl", hash = "sha256:9e8f8c9cb53cdac7ba9793c276acd90168f416b9ce36799b9b885790f8ad6c0a", size = 602413, upload-time = "2024-09-20T17:08:31.728Z" },
    { url = "https://files.pythonhosted.org/packages/76/70/ad6e5b31ef330f03b12559d19fda2606a522d3849cde46b24f223d6d1619/greenlet-3.1.1-cp311-cp311-musllinux_1_1_aarch64.whl", hash = "sha256:62ee94988d6b4722ce0028644418d93a52429e977d742ca2ccbe1c4f4a792511", size = 1129619, upload-time = "2024-09-20T17:44:14.222Z" },
    { url = "https://files.pythonhosted.org/packages/f4/fb/201e1b932e584066e0f0658b538e73c459b34d44b4bd4034f682423bc801/greenlet-3.1.1-cp311-cp311-musllinux_1_1_x86_64.whl", hash = "sha256:1776fd7f989fc6b8d8c8cb8da1f6b82c5814957264d1f6cf818d475ec2bf6395", size = 1155198, upload-time = "2024-09-20T17:09:23.903Z" },
    { url = "https://files.pythonhosted.org/packages/12/da/b9ed5e310bb8b89661b80cbcd4db5a067903bbcd7fc854923f5ebb4144f0/greenlet-3.1.1-cp311-cp311-win_amd64.whl", hash = "sha256:48ca08c771c268a768087b408658e216133aecd835c0ded47ce955381105ba39", size = 298930, upload-time = "2024-09-20T17:25:18.656Z" },
]

[[package]]
name = "itsdangerous"
version = "2.2.0"
source = { registry = "https://pypi.org/simple" }
sdist = { url = "https://files.pythonhosted.org/packages/9c/cb/8ac0172223afbccb63986cc25049b154ecfb5e85932587206f42317be31d/itsdangerous-2.2.0.tar.gz", hash = "sha256:e0050c0b7da1eea53ffaf149c0cfbb5c6e2e2b69c4bef22c81fa6eb73e5f6173", size = 54410, upload-time = "2024-04-16T21:28:15.614Z" }
wheels = [
    { url = "https://files.pythonhosted.org/packages/04/96/92447566d16df59b2a776c0fb82dbc4d9e07cd95062562af01e408583fc4/itsdangerous-2.2.0-py3-none-any.whl", hash = "sha256:c6242fc49e35958c8b15141343aa660db5fc54d4f13a1db01a3f5891b98700ef", size = 16234, upload-time = "2024-04-16T21:28:14.499Z" },
]

[[package]]
name = "jinja2"
version = "3.1.4"
source = { registry = "https://pypi.org/simple" }
dependencies = [
    { name = "markupsafe" },
]
sdist = { url = "https://files.pythonhosted.org/packages/ed/55/39036716d19cab0747a5020fc7e907f362fbf48c984b14e62127f7e68e5d/jinja2-3.1.4.tar.gz", hash = "sha256:4a3aee7acbbe7303aede8e9648d13b8bf88a429282aa6122a993f0ac800cb369", size = 240245, upload-time = "2024-05-05T23:42:02.455Z" }
wheels = [
    { url = "https://files.pythonhosted.org/packages/31/80/3a54838c3fb461f6fec263ebf3a3a41771bd05190238de3486aae8540c36/jinja2-3.1.4-py3-none-any.whl", hash = "sha256:bc5dd2abb727a5319567b7a813e6a2e7318c39f4f487cfe6c89c6f9c7d25197d", size = 133271, upload-time = "2024-05-05T23:41:59.928Z" },
]

[[package]]
name = "markupsafe"
version = "3.0.1"
source = { registry = "https://pypi.org/simple" }
sdist = { url = "https://files.pythonhosted.org/packages/b4/d2/38ff920762f2247c3af5cbbbbc40756f575d9692d381d7c520f45deb9b8f/markupsafe-3.0.1.tar.gz", hash = "sha256:3e683ee4f5d0fa2dde4db77ed8dd8a876686e3fc417655c2ece9a90576905344", size = 20249, upload-time = "2024-10-08T17:01:32.703Z" }
wheels = [
    { url = "https://files.pythonhosted.org/packages/ce/af/2f5d88a7fc7226bd34c6e15f6061246ad8cff979da9f19d11bdd0addd8e2/MarkupSafe-3.0.1-cp311-cp311-macosx_10_9_universal2.whl", hash = "sha256:26627785a54a947f6d7336ce5963569b5d75614619e75193bdb4e06e21d447ad", size = 14387, upload-time = "2024-10-08T17:00:40.221Z" },
    { url = "https://files.pythonhosted.org/packages/8d/43/fd588ef5d192308c5e05974bac659bf6ae29c202b7ea2c4194bcf01eacee/MarkupSafe-3.0.1-cp311-cp311-macosx_11_0_arm64.whl", hash = "sha256:b954093679d5750495725ea6f88409946d69cfb25ea7b4c846eef5044194f583", size = 12410, upload-time = "2024-10-08T17:00:40.944Z" },
    { url = "https://files.pythonhosted.org/packages/58/26/78f161d602fb03804118905e5faacafc0ec592bbad71aaee62537529813a/MarkupSafe-3.0.1-cp311-cp311-manylinux_2_17_aarch64.manylinux2014_aarch64.whl", hash = "sha256:973a371a55ce9ed333a3a0f8e0bcfae9e0d637711534bcb11e130af2ab9334e7", size = 24006, upload-time = "2024-10-08T17:00:41.804Z" },
    { url = "https://files.pythonhosted.org/packages/ae/1d/7d5ec8bcfd9c2db235d720fa51d818b7e2abc45250ce5f53dd6cb60409ca/MarkupSafe-3.0.1-cp311-cp311-manylinux_2_17_x86_64.manylinux2014_x86_64.whl", hash = "sha256:244dbe463d5fb6d7ce161301a03a6fe744dac9072328ba9fc82289238582697b", size = 23303, upload-time = "2024-10-08T17:00:43.257Z" },
    { url = "https://files.pythonhosted.org/packages/26/ce/703ca3b03a709e3bd1fbffa407789e56b9fa664456538092617dd665fc1d/MarkupSafe-3.0.1-cp311-cp311-manylinux_2_5_i686.manylinux1_i686.manylinux_2_17_i686.manylinux2014_i686.whl", hash = "sha256:d98e66a24497637dd31ccab090b34392dddb1f2f811c4b4cd80c230205c074a3", size = 23205, upload-time = "2024-10-08T17:00:44.06Z" },
    { url = "https://files.pythonhosted.org/packages/88/60/40be0493decabc2344b12d3a709fd6ccdd15a5ebaee1e8d878315d107ad3/MarkupSafe-3.0.1-cp311-cp311-musllinux_1_2_aarch64.whl", hash = "sha256:ad91738f14eb8da0ff82f2acd0098b6257621410dcbd4df20aaa5b4233d75a50", size = 23684, upload-time = "2024-10-08T17:00:45.488Z" },
    { url = "https://files.pythonhosted.org/packages/6d/f8/8fd52a66e8f62a9add62b4a0b5a3ab4092027437f2ef027f812d94ae91cf/MarkupSafe-3.0.1-cp311-cp311-musllinux_1_2_i686.whl", hash = "sha256:7044312a928a66a4c2a22644147bc61a199c1709712069a344a3fb5cfcf16915", size = 23472, upload-time = "2024-10-08T17:00:46.272Z" },
    { url = "https://files.pythonhosted.org/packages/d4/0b/998b17b9e06ea45ad1646fea586f1b83d02dfdb14d47dd2fd81fba5a08c9/MarkupSafe-3.0.1-cp311-cp311-musllinux_1_2_x86_64.whl", hash = "sha256:a4792d3b3a6dfafefdf8e937f14906a51bd27025a36f4b188728a73382231d91", size = 23388, upload-time = "2024-10-08T17:00:47.079Z" },
    { url = "https://files.pythonhosted.org/packages/5a/57/b6b7aa23b2e26d68d601718f8ce3161fbdaf967b31752c7dec52bef828c9/MarkupSafe-3.0.1-cp311-cp311-win32.whl", hash = "sha256:fa7d686ed9883f3d664d39d5a8e74d3c5f63e603c2e3ff0abcba23eac6542635", size = 15106, upload-time = "2024-10-08T17:00:47.896Z" },
    { url = "https://files.pythonhosted.org/packages/fc/b5/20cb1d714596acb553c810009c8004c809823947da63e13c19a7decfcb6c/MarkupSafe-3.0.1-cp311-cp311-win_amd64.whl", hash = "sha256:9ba25a71ebf05b9bb0e2ae99f8bc08a07ee8e98c612175087112656ca0f5c8bf", size = 15542, upload-time = "2024-10-08T17:00:48.736Z" },
]

[[package]]
name = "psutil"
version = "5.9.0"
source = { registry = "https://pypi.org/simple" }
sdist = { url = "https://files.pythonhosted.org/packages/47/b6/ea8a7728f096a597f0032564e8013b705aa992a0990becd773dcc4d7b4a7/psutil-5.9.0.tar.gz", hash = "sha256:869842dbd66bb80c3217158e629d6fceaecc3a3166d3d1faee515b05dd26ca25", size = 478322, upload-time = "2021-12-29T21:27:59.163Z" }

[[package]]
name = "pydantic"
version = "1.10.26"
source = { registry = "https://pypi.org/simple" }
dependencies = [
    { name = "typing-extensions" },
]
sdist = { url = "https://files.pythonhosted.org/packages/7b/da/fd89f987a376c807cd81ea0eff4589aade783bbb702637b4734ef2c743a2/pydantic-1.10.26.tar.gz", hash = "sha256:8c6aa39b494c5af092e690127c283d84f363ac36017106a9e66cb33a22ac412e", size = 357906, upload-time = "2025-12-18T15:47:46.557Z" }
wheels = [
    { url = "https://files.pythonhosted.org/packages/1d/c1/d521e64c8130e1ad9d22c270bed3fabcc0940c9539b076b639c88fd32a8d/pydantic-1.10.26-cp311-cp311-macosx_10_9_x86_64.whl", hash = "sha256:116233e53889bcc536f617e38c1b8337d7fa9c280f0fd7a4045947515a785637", size = 2428347, upload-time = "2025-12-18T15:46:39.41Z" },
    { url = "https://files.pythonhosted.org/packages/2c/08/f4b804a00c16e3ea994cb640a7c25c579b4f1fa674cde6a19fa0dfb0ae4f/pydantic-1.10.26-cp311-cp311-macosx_11_0_arm64.whl", hash = "sha256:c3cfdd361addb6eb64ccd26ac356ad6514cee06a61ab26b27e16b5ed53108f77", size = 2212605, upload-time = "2025-12-18T15:46:41.006Z" },
    { url = "https://files.pythonhosted.org/packages/5d/78/0df4b9efef29bbc5e39f247fcba99060d15946b4463d82a5589cf7923d71/pydantic-1.10.26-cp311-cp311-manylinux2014_x86_64.manylinux_2_17_x86_64.whl", hash = "sha256:0e4451951a9a93bf9a90576f3e25240b47ee49ab5236adccb8eff6ac943adf0f", size = 2753560, upload-time = "2025-12-18T15:46:43.215Z" },
    { url = "https://files.pythonhosted.org/packages/68/66/6ab6c1d3a116d05d2508fce64f96e35242938fac07544d611e11d0d363a0/pydantic-1.10.26-cp311-cp311-musllinux_1_2_x86_64.whl", hash = "sha256:9858ed44c6bea5f29ffe95308db9e62060791c877766c67dd5f55d072c8612b5", size = 2859235, upload-time = "2025-12-18T15:46:45.112Z" },
    { url = "https://files.pythonhosted.org/packages/61/4e/f1676bb0fcdf6ed2ce4670d7d1fc1d6c3a06d84497644acfbe02649503f1/pydantic-1.10.26-cp311-cp311-win_amd64.whl", hash = "sha256:ac1089f723e2106ebde434377d31239e00870a7563245072968e5af5cc4d33df", size = 2066646, upload-time = "2025-12-18T15:46:46.816Z" },
    { url = "https://files.pythonhosted.org/packages/1f/98/556e82f00b98486def0b8af85da95e69d2be7e367cf2431408e108bc3095/pydantic-1.10.26-py3-none-any.whl", hash = "sha256:c43ad70dc3ce7787543d563792426a16fd7895e14be4b194b5665e36459dd917", size = 166975, upload-time = "2025-12-18T15:47:44.927Z" },
]

[[package]]
name = "pyjwt"
version = "2.4.0"
source = { registry = "https://pypi.org/simple" }
sdist = { url = "https://files.pythonhosted.org/packages/d8/6b/6287745054dbcccf75903630346be77d4715c594402cec7c2518032416c2/PyJWT-2.4.0.tar.gz", hash = "sha256:d42908208c699b3b973cbeb01a969ba6a96c821eefb1c5bfe4c390c01d67abba", size = 66327, upload-time = "2022-05-12T18:58:21.274Z" }
wheels = [
    { url = "https://files.pythonhosted.org/packages/1c/fb/b82e9601b00d88cf8bbee1f39b855ae773f9d5bcbcedb3801b2f72460696/PyJWT-2.4.0-py3-none-any.whl", hash = "sha256:72d1d253f32dbd4f5c88eaf1fdc62f3a19f676ccbadb9dbc5d07e951b2b26daf", size = 18228, upload-time = "2022-05-12T18:58:19.269Z" },
]

[[package]]
name = "staffsec"
version = "2.0.0"
source = { virtual = "." }
dependencies = [
    { name = "blinker" },
    { name = "click" },
    { name = "flask" },
    { name = "greenlet" },
    { name = "itsdangerous" },
    { name = "jinja2" },
    { name = "markupsafe" },
    { name = "psutil" },
    { name = "pydantic" },
    { name = "pyjwt" },
    { name = "typing-extensions" },
    { name = "werkzeug" },
]

[package.metadata]
requires-dist = [
    { name = "blinker", specifier = "==1.8.2" },
    { name = "click", specifier = "==8.1.7" },
    { name = "flask", specifier = "==2.3.3" },
    { name = "greenlet", specifier = "==3.1.1" },
    { name = "itsdangerous", specifier = "==2.2.0" },
    { name = "jinja2", specifier = "==3.1.4" },
    { name = "markupsafe", specifier = "==3.0.1" },
    { name = "psutil", specifier = "==5.9.0" },
    { name = "pydantic", specifier = "==1.10.26" },
    { name = "pyjwt", specifier = "==2.4" },
    { name = "typing-extensions", specifier = "==4.12.2" },
    { name = "werkzeug", specifier = "==3.0.4" },
]

[[package]]
name = "typing-extensions"
version = "4.12.2"
source = { registry = "https://pypi.org/simple" }
sdist = { url = "https://files.pythonhosted.org/packages/df/db/f35a00659bc03fec321ba8bce9420de607a1d37f8342eee1863174c69557/typing_extensions-4.12.2.tar.gz", hash = "sha256:1a7ead55c7e559dd4dee8856e3a88b41225abfe1ce8df57b7c13915fe121ffb8", size = 85321, upload-time = "2024-06-07T18:52:15.995Z" }
wheels = [
    { url = "https://files.pythonhosted.org/packages/26/9f/ad63fc0248c5379346306f8668cda6e2e2e9c95e01216d2b8ffd9ff037d0/typing_extensions-4.12.2-py3-none-any.whl", hash = "sha256:04e5ca0351e0f3f85c6853954072df659d0d13fac324d0072316b67d7794700d", size = 37438, upload-time = "2024-06-07T18:52:13.582Z" },
]

[[package]]
name = "werkzeug"
version = "3.0.4"
source = { registry = "https://pypi.org/simple" }
dependencies = [
    { name = "markupsafe" },
]
sdist = { url = "https://files.pythonhosted.org/packages/0f/e2/6dbcaab07560909ff8f654d3a2e5a60552d937c909455211b1b36d7101dc/werkzeug-3.0.4.tar.gz", hash = "sha256:34f2371506b250df4d4f84bfe7b0921e4762525762bbd936614909fe25cd7306", size = 803966, upload-time = "2024-08-21T19:50:36.316Z" }
wheels = [
    { url = "https://files.pythonhosted.org/packages/4b/84/997bbf7c2bf2dc3f09565c6d0b4959fefe5355c18c4096cfd26d83e0785b/werkzeug-3.0.4-py3-none-any.whl", hash = "sha256:02c9eb92b7d6c06f31a782811505d2157837cea66aaede3e217c7c27c039476c", size = 227554, upload-time = "2024-08-21T19:50:34.534Z" },
]
